
Microsoft Visual Studio Solution File, Format Version 12.00
# Visual Studio 15
VisualStudioVersion = 15.0.27428.2037
MinimumVisualStudioVersion = 10.0.40219.1
Project("{9A19103F-16F7-4668-BE54-9A1E7A4F7556}") = "CoreWeb", "CoreWebApplication\CoreWeb.csproj", "{332D2DA4-E80D-43B9-AFDA-01A82BA772EE}"
EndProject
Project("{FAE04EC0-301F-11D3-BF4B-00C04F79EFBC}") = "CoreAccess", "CoreAccess\CoreAccess.csproj", "{A6DCC41A-CC9D-4289-8BBB-0096986C18B1}"
EndProject
Project("{FAE04EC0-301F-11D3-BF4B-00C04F79EFBC}") = "CoreCommon", "CoreCommon\CoreCommon.csproj", "{FA99EE1B-2EB2-4794-9A52-910AB2B705FF}"
EndProject
Global
	GlobalSection(SolutionConfigurationPlatforms) = preSolution
		Debug|Any CPU = Debug|Any CPU
		Release|Any CPU = Release|Any CPU
	EndGlobalSection
	GlobalSection(ProjectConfigurationPlatforms) = postSolution
		{332D2DA4-E80D-43B9-AFDA-01A82BA772EE}.Debug|Any CPU.ActiveCfg = Debug|Any CPU
		{332D2DA4-E80D-43B9-AFDA-01A82BA772EE}.Debug|Any CPU.Build.0 = Debug|Any CPU
		{332D2DA4-E80D-43B9-AFDA-01A82BA772EE}.Release|Any CPU.ActiveCfg = Release|Any CPU
		{332D2DA4-E80D-43B9-AFDA-01A82BA772EE}.Release|Any CPU.Build.0 = Release|Any CPU
		{A6DCC41A-CC9D-4289-8BBB-0096986C18B1}.Debug|Any CPU.ActiveCfg = Debug|Any CPU
		{A6DCC41A-CC9D-4289-8BBB-0096986C18B1}.Debug|Any CPU.Build.0 = Debug|Any CPU
		{A6DCC41A-CC9D-4289-8BBB-0096986C18B1}.Release|Any CPU.ActiveCfg = Release|Any CPU
		{A6DCC41A-CC9D-4289-8BBB-0096986C18B1}.Release|Any CPU.Build.0 = Release|Any CPU
		{FA99EE1B-2EB2-4794-9A52-910AB2B705FF}.Debug|Any CPU.ActiveCfg = Debug|Any CPU
		{FA99EE1B-2EB2-4794-9A52-910AB2B705FF}.Debug|Any CPU.Build.0 = Debug|Any CPU
		{FA99EE1B-2EB2-4794-9A52-910AB2B705FF}.Release|Any CPU.ActiveCfg = Release|Any CPU
		{FA99EE1B-2EB2-4794-9A52-910AB2B705FF}.Release|Any CPU.Build.0 = Release|Any CPU
	EndGlobalSection
	GlobalSection(SolutionProperties) = preSolution
		HideSolutionNode = FALSE
	EndGlobalSection
	GlobalSection(ExtensibilityGlobals) = postSolution
		SolutionGuid = {5AFE3AE8-A576-4F01-9146-65167E14C5F7}
	EndGlobalSection
EndGlobal
